{
    "_meta": {
        "hash": {
            "sha256": "3021594e527b7f3e4727628004e7a64f40e4040071a7f5a02488bde5907e5c21"
        },
        "pipfile-spec": 6,
        "requires": {
            "python_version": "2.7"
        },
        "sources": [
            {
                "name": "pypi",
                "url": "https://pypi.org/simple",
                "verify_ssl": true
            }
        ]
    },
    "default": {
        "ruamel.ordereddict": {
            "hashes": [
                "sha256:08b4b19fe518d32251a5338e039c4dc9eb0876f2919f94c9b8d2f9446ea80806",
                "sha256:150ce8e6c514a2a2b62753622a75874962561f8e5eeec81a3172ab952807bf0b",
                "sha256:45541836cbfdde630033cae7bbbe35acbac87a0ceec79f944b7a3bedd940fe78",
                "sha256:854dd4a524811b16111b1107d8a751e4ca064d2bb103d3d91deab75de36b6620",
                "sha256:aee2fa23e884249b4284b728888c553d551e5bfd4de2731f10153fd7813ec55f",
                "sha256:bf0a198c8ce5d973c24e5dba12d3abc254996788ca6ad8448eabc6aa710db149"
            ],
            "markers": "platform_python_implementation == 'CPython' and python_version <= '2.7'",
            "version": "==0.4.13"
        },
        "ruamel.yaml": {
            "hashes": [
                "sha256:1d38d5abf1f36a74f9244f3654f22329e4dc7b9353cc6bf921c0c2d985bba8c9",
                "sha256:2ae248d81386b6708efdae5d3c42b408e17ded66318d102174827351b23417a6",
                "sha256:4122b4ea513d1193673ff38ce8d95a4ed7717d36f342fbed811c3db93e5fff65",
                "sha256:52fcbc159977be3f4c20c2b02f7e9271eb14e460863abb9b956812e535d6750c",
                "sha256:5c132b6b944b9e9e3e763c15d0f0c199dd70600d34f4c722674be7521bc60a64",
                "sha256:5d0bf4fe48f2677f71e5d743606a26525114b83cdc100e12f075a1dfa887fe33",
                "sha256:692f03ed24c8c1d9fa9fd4c045f7ba1c26f1e96edb8bfb4d54854ba26bc02319",
                "sha256:748add3006bdc4c89b033bbb38003c2f7259456ae5ed250a0d3d453eb00e0524",
                "sha256:7b587269e7a0992d774d75628bbde8e09c1992075e5598c6f394be2f75c7de88",
                "sha256:b5d2e447e255d8ce35b47e24072f8d6f585e671955dc1a82ee104da7e7e8e9a1",
                "sha256:b98a90bd8c6717d260409efc1e9f5467f8286cf00e5f457b8d1aeac6d3e85f91",
                "sha256:c107e809bae51af407535231a92f03bdb5975ec0d0ec2a424a7974ee989310e2",
                "sha256:cc57a38a2353ffd8dc90288f96bbc8b4cf8e7c5558b118e8ccbba6157c1c2c78",
                "sha256:df522e5ae0da7f70129e4415c0a539cc641572fc8a3c28f6ac11091a1a5f3441",
                "sha256:e31c288a8950abd41fbd2d77f552641c032463ca6d5ade49a015d590af00123f",
                "sha256:e3d8451f51f0dfda4bc094c78840b7d606cc2a545942964e5f608a4d92c47a55",
                "sha256:e4c16764bf86485716578cdb003a895f8c15105847d738f17d3fe948663c711a",
                "sha256:e6027c0d24a9a7203dfc086876af980d394645d9bc5043457154e166fffdb8a1",
                "sha256:e9f27c9217f2c822abc9a724bb71be7c94747d9613c54a4880a81e7a02526ffe",
                "sha256:f44eea0e6b95b05ceaaadc8af51021ee72941d93ab11add42886045628bde0ae",
                "sha256:f9e391f82bde79beaa11f55d8f171c2b3b7f2f9c2447a9db963887fc1f3b9692",
                "sha256:faf7b304e676e84d110fe6e13a0dc094f20d993e2997d6374434a76ef5caf41e"
            ],
            "index": "pypi",
            "version": "==0.15.91"
        }
    },
    "develop": {}
}
